
Microsoft Visual Studio Solution File, Format Version 12.00
# Visual Studio Version 17
VisualStudioVersion = 17.0.31903.59
MinimumVisualStudioVersion = 10.0.40219.1
Project("{2150E333-8FDC-42A3-9474-1A3956D46DE8}") = "src", "src", "{7BC80F03-9F32-468E-8359-3D2723A5F244}"
EndProject
Project("{FAE04EC0-301F-11D3-BF4B-00C04F79EFBC}") = "Core", "src\Core\Core.csproj", "{1D732909-3867-4BBD-851C-5696A5CCAAA3}"
EndProject
Project("{FAE04EC0-301F-11D3-BF4B-00C04F79EFBC}") = "App", "src\App\App.csproj", "{CF0FE26A-9307-4BA3-8066-481489389ECD}"
EndProject
Project("{2150E333-8FDC-42A3-9474-1A3956D46DE8}") = "tests", "tests", "{E06C723A-D17D-422B-960F-7FA02B8F429C}"
EndProject
Project("{FAE04EC0-301F-11D3-BF4B-00C04F79EFBC}") = "CoreTests", "tests\CoreTests\CoreTests.csproj", "{28704A3F-5E78-4E3A-A28A-6BDD2ADA6C72}"
EndProject
Project("{FAE04EC0-301F-11D3-BF4B-00C04F79EFBC}") = "Sniffer", "src\Sniffer\Sniffer.csproj", "{8DA2022C-775E-42E3-A3AD-51C40F38A7D6}"
EndProject
Project("{FAE04EC0-301F-11D3-BF4B-00C04F79EFBC}") = "MemScan", "src\MemScan\MemScan.csproj", "{7FCCB6E7-AFA8-41C6-BC0B-1D1404D6FA75}"
EndProject
Global
	GlobalSection(SolutionConfigurationPlatforms) = preSolution
		Debug|Any CPU = Debug|Any CPU
		Debug|x64 = Debug|x64
		Debug|x86 = Debug|x86
		Release|Any CPU = Release|Any CPU
		Release|x64 = Release|x64
		Release|x86 = Release|x86
	EndGlobalSection
	GlobalSection(ProjectConfigurationPlatforms) = postSolution
		{1D732909-3867-4BBD-851C-5696A5CCAAA3}.Debug|Any CPU.ActiveCfg = Debug|Any CPU
		{1D732909-3867-4BBD-851C-5696A5CCAAA3}.Debug|Any CPU.Build.0 = Debug|Any CPU
		{1D732909-3867-4BBD-851C-5696A5CCAAA3}.Debug|x64.ActiveCfg = Debug|Any CPU
		{1D732909-3867-4BBD-851C-5696A5CCAAA3}.Debug|x64.Build.0 = Debug|Any CPU
		{1D732909-3867-4BBD-851C-5696A5CCAAA3}.Debug|x86.ActiveCfg = Debug|Any CPU
		{1D732909-3867-4BBD-851C-5696A5CCAAA3}.Debug|x86.Build.0 = Debug|Any CPU
		{1D732909-3867-4BBD-851C-5696A5CCAAA3}.Release|Any CPU.ActiveCfg = Release|Any CPU
		{1D732909-3867-4BBD-851C-5696A5CCAAA3}.Release|Any CPU.Build.0 = Release|Any CPU
		{1D732909-3867-4BBD-851C-5696A5CCAAA3}.Release|x64.ActiveCfg = Release|Any CPU
		{1D732909-3867-4BBD-851C-5696A5CCAAA3}.Release|x64.Build.0 = Release|Any CPU
		{1D732909-3867-4BBD-851C-5696A5CCAAA3}.Release|x86.ActiveCfg = Release|Any CPU
		{1D732909-3867-4BBD-851C-5696A5CCAAA3}.Release|x86.Build.0 = Release|Any CPU
		{CF0FE26A-9307-4BA3-8066-481489389ECD}.Debug|Any CPU.ActiveCfg = Debug|Any CPU
		{CF0FE26A-9307-4BA3-8066-481489389ECD}.Debug|Any CPU.Build.0 = Debug|Any CPU
		{CF0FE26A-9307-4BA3-8066-481489389ECD}.Debug|x64.ActiveCfg = Debug|Any CPU
		{CF0FE26A-9307-4BA3-8066-481489389ECD}.Debug|x64.Build.0 = Debug|Any CPU
		{CF0FE26A-9307-4BA3-8066-481489389ECD}.Debug|x86.ActiveCfg = Debug|Any CPU
		{CF0FE26A-9307-4BA3-8066-481489389ECD}.Debug|x86.Build.0 = Debug|Any CPU
		{CF0FE26A-9307-4BA3-8066-481489389ECD}.Release|Any CPU.ActiveCfg = Release|Any CPU
		{CF0FE26A-9307-4BA3-8066-481489389ECD}.Release|Any CPU.Build.0 = Release|Any CPU
		{CF0FE26A-9307-4BA3-8066-481489389ECD}.Release|x64.ActiveCfg = Release|Any CPU
		{CF0FE26A-9307-4BA3-8066-481489389ECD}.Release|x64.Build.0 = Release|Any CPU
		{CF0FE26A-9307-4BA3-8066-481489389ECD}.Release|x86.ActiveCfg = Release|Any CPU
		{CF0FE26A-9307-4BA3-8066-481489389ECD}.Release|x86.Build.0 = Release|Any CPU
		{28704A3F-5E78-4E3A-A28A-6BDD2ADA6C72}.Debug|Any CPU.ActiveCfg = Debug|Any CPU
		{28704A3F-5E78-4E3A-A28A-6BDD2ADA6C72}.Debug|Any CPU.Build.0 = Debug|Any CPU
		{28704A3F-5E78-4E3A-A28A-6BDD2ADA6C72}.Debug|x64.ActiveCfg = Debug|Any CPU
		{28704A3F-5E78-4E3A-A28A-6BDD2ADA6C72}.Debug|x64.Build.0 = Debug|Any CPU
		{28704A3F-5E78-4E3A-A28A-6BDD2ADA6C72}.Debug|x86.ActiveCfg = Debug|Any CPU
		{28704A3F-5E78-4E3A-A28A-6BDD2ADA6C72}.Debug|x86.Build.0 = Debug|Any CPU
		{28704A3F-5E78-4E3A-A28A-6BDD2ADA6C72}.Release|Any CPU.ActiveCfg = Release|Any CPU
		{28704A3F-5E78-4E3A-A28A-6BDD2ADA6C72}.Release|Any CPU.Build.0 = Release|Any CPU
		{28704A3F-5E78-4E3A-A28A-6BDD2ADA6C72}.Release|x64.ActiveCfg = Release|Any CPU
		{28704A3F-5E78-4E3A-A28A-6BDD2ADA6C72}.Release|x64.Build.0 = Release|Any CPU
		{28704A3F-5E78-4E3A-A28A-6BDD2ADA6C72}.Release|x86.ActiveCfg = Release|Any CPU
		{28704A3F-5E78-4E3A-A28A-6BDD2ADA6C72}.Release|x86.Build.0 = Release|Any CPU
		{8DA2022C-775E-42E3-A3AD-51C40F38A7D6}.Debug|Any CPU.ActiveCfg = Debug|Any CPU
		{8DA2022C-775E-42E3-A3AD-51C40F38A7D6}.Debug|Any CPU.Build.0 = Debug|Any CPU
		{8DA2022C-775E-42E3-A3AD-51C40F38A7D6}.Debug|x64.ActiveCfg = Debug|Any CPU
		{8DA2022C-775E-42E3-A3AD-51C40F38A7D6}.Debug|x64.Build.0 = Debug|Any CPU
		{8DA2022C-775E-42E3-A3AD-51C40F38A7D6}.Debug|x86.ActiveCfg = Debug|Any CPU
		{8DA2022C-775E-42E3-A3AD-51C40F38A7D6}.Debug|x86.Build.0 = Debug|Any CPU
		{8DA2022C-775E-42E3-A3AD-51C40F38A7D6}.Release|Any CPU.ActiveCfg = Release|Any CPU
		{8DA2022C-775E-42E3-A3AD-51C40F38A7D6}.Release|Any CPU.Build.0 = Release|Any CPU
		{8DA2022C-775E-42E3-A3AD-51C40F38A7D6}.Release|x64.ActiveCfg = Release|Any CPU
		{8DA2022C-775E-42E3-A3AD-51C40F38A7D6}.Release|x64.Build.0 = Release|Any CPU
		{8DA2022C-775E-42E3-A3AD-51C40F38A7D6}.Release|x86.ActiveCfg = Release|Any CPU
		{8DA2022C-775E-42E3-A3AD-51C40F38A7D6}.Release|x86.Build.0 = Release|Any CPU
		{7FCCB6E7-AFA8-41C6-BC0B-1D1404D6FA75}.Debug|Any CPU.ActiveCfg = Debug|Any CPU
		{7FCCB6E7-AFA8-41C6-BC0B-1D1404D6FA75}.Debug|Any CPU.Build.0 = Debug|Any CPU
		{7FCCB6E7-AFA8-41C6-BC0B-1D1404D6FA75}.Debug|x64.ActiveCfg = Debug|Any CPU
		{7FCCB6E7-AFA8-41C6-BC0B-1D1404D6FA75}.Debug|x64.Build.0 = Debug|Any CPU
		{7FCCB6E7-AFA8-41C6-BC0B-1D1404D6FA75}.Debug|x86.ActiveCfg = Debug|Any CPU
		{7FCCB6E7-AFA8-41C6-BC0B-1D1404D6FA75}.Debug|x86.Build.0 = Debug|Any CPU
		{7FCCB6E7-AFA8-41C6-BC0B-1D1404D6FA75}.Release|Any CPU.ActiveCfg = Release|Any CPU
		{7FCCB6E7-AFA8-41C6-BC0B-1D1404D6FA75}.Release|Any CPU.Build.0 = Release|Any CPU
		{7FCCB6E7-AFA8-41C6-BC0B-1D1404D6FA75}.Release|x64.ActiveCfg = Release|Any CPU
		{7FCCB6E7-AFA8-41C6-BC0B-1D1404D6FA75}.Release|x64.Build.0 = Release|Any CPU
		{7FCCB6E7-AFA8-41C6-BC0B-1D1404D6FA75}.Release|x86.ActiveCfg = Release|Any CPU
		{7FCCB6E7-AFA8-41C6-BC0B-1D1404D6FA75}.Release|x86.Build.0 = Release|Any CPU
	EndGlobalSection
	GlobalSection(SolutionProperties) = preSolution
		HideSolutionNode = FALSE
	EndGlobalSection
	GlobalSection(NestedProjects) = preSolution
		{1D732909-3867-4BBD-851C-5696A5CCAAA3} = {7BC80F03-9F32-468E-8359-3D2723A5F244}
		{CF0FE26A-9307-4BA3-8066-481489389ECD} = {7BC80F03-9F32-468E-8359-3D2723A5F244}
		{28704A3F-5E78-4E3A-A28A-6BDD2ADA6C72} = {E06C723A-D17D-422B-960F-7FA02B8F429C}
		{8DA2022C-775E-42E3-A3AD-51C40F38A7D6} = {7BC80F03-9F32-468E-8359-3D2723A5F244}
		{7FCCB6E7-AFA8-41C6-BC0B-1D1404D6FA75} = {7BC80F03-9F32-468E-8359-3D2723A5F244}
	EndGlobalSection
EndGlobal
